// !$*UTF8*$!
{
	archiveVersion = 1;
	classes = {
	};
	objectVersion = 46;
	objects = {

/* Begin PBXBuildFile section */
		DEC173C41DC069C700A40486 /* AppDelegate.swift in Sources */ = {isa = PBXBuildFile; fileRef = DEC173C31DC069C700A40486 /* AppDelegate.swift */; };
		DEC173C61DC069C700A40486 /* ViewController.swift in Sources */ = {isa = PBXBuildFile; fileRef = DEC173C51DC069C700A40486 /* ViewController.swift */; };
		DEC173C91DC069C700A40486 /* Main.storyboard in Resources */ = {isa = PBXBuildFile; fileRef = DEC173C71DC069C700A40486 /* Main.storyboard */; };
		DEC173CB1DC069C700A40486 /* Assets.xcassets in Resources */ = {isa = PBXBuildFile; fileRef = DEC173CA1DC069C700A40486 /* Assets.xcassets */; };
		DEC173CE1DC069C700A40486 /* LaunchScreen.storyboard in Resources */ = {isa = PBXBuildFile; fileRef = DEC173CC1DC069C700A40486 /* LaunchScreen.storyboard */; };
		DEC173D91DC069C700A40486 /* PitchPerfectTests.swift in Sources */ = {isa = PBXBuildFile; fileRef = DEC173D81DC069C700A40486 /* PitchPerfectTests.swift */; };
		DEC173E41DC069C800A40486 /* PitchPerfectUITests.swift in Sources */ = {isa = PBXBuildFile; fileRef = DEC173E31DC069C800A40486 /* PitchPerfectUITests.swift */; };
/* End PBXBuildFile section */

/* Begin PBXContainerItemProxy section */
		DEC173D51DC069C700A40486 /* PBXContainerItemProxy */ = {
			isa = PBXContainerItemProxy;
			containerPortal = DEC173B81DC069C700A40486 /* Project object */;
			proxyType = 1;
			remoteGlobalIDString = DEC173BF1DC069C700A40486;
			remoteInfo = PitchPerfect;
		};
		DEC173E01DC069C800A40486 /* PBXContainerItemProxy */ = {
			isa = PBXContainerItemProxy;
			containerPortal = DEC173B81DC069C700A40486 /* Project object */;
			proxyType = 1;
			remoteGlobalIDString = DEC173BF1DC069C700A40486;
			remoteInfo = PitchPerfect;
		};
/* End PBXContainerItemProxy section */

/* Begin PBXFileReference section */
		DEC173C01DC069C700A40486 /* PitchPerfect.app */ = {isa = PBXFileReference; explicitFileType = wrapper.application; includeInIndex = 0; path = PitchPerfect.app; sourceTree = BUILT_PRODUCTS_DIR; };
		DEC173C31DC069C700A40486 /* AppDelegate.swift */ = {isa = PBXFileReference; lastKnownFileType = sourcecode.swift; path = AppDelegate.swift; sourceTree = "<group>"; };
		DEC173C51DC069C700A40486 /* ViewController.swift */ = {isa = PBXFileReference; lastKnownFileType = sourcecode.swift; path = ViewController.swift; sourceTree = "<group>"; };
		DEC173C81DC069C700A40486 /* Base */ = {isa = PBXFileReference; lastKnownFileType = file.storyboard; name = Base; path = Base.lproj/Main.storyboard; sourceTree = "<group>"; };
		DEC173CA1DC069C700A40486 /* Assets.xcassets */ = {isa = PBXFileReference; lastKnownFileType = folder.assetcatalog; path = Assets.xcassets; sourceTree = "<group>"; };
		DEC173CD1DC069C700A40486 /* Base */ = {isa = PBXFileReference; lastKnownFileType = file.storyboard; name = Base; path = Base.lproj/LaunchScreen.storyboard; sourceTree = "<group>"; };
		DEC173CF1DC069C700A40486 /* Info.plist */ = {isa = PBXFileReference; lastKnownFileType = text.plist.xml; path = Info.plist; sourceTree = "<group>"; };
		DEC173D41DC069C700A40486 /* PitchPerfectTests.xctest */ = {isa = PBXFileReference; explicitFileType = wrapper.cfbundle; includeInIndex = 0; path = PitchPerfectTests.xctest; sourceTree = BUILT_PRODUCTS_DIR; };
		DEC173D81DC069C700A40486 /* PitchPerfectTests.swift */ = {isa = PBXFileReference; lastKnownFileType = sourcecode.swift; path = PitchPerfectTests.swift; sourceTree = "<group>"; };
		DEC173DA1DC069C800A40486 /* Info.plist */ = {isa = PBXFileReference; lastKnownFileType = text.plist.xml; path = Info.plist; sourceTree = "<group>"; };
		DEC173DF1DC069C800A40486 /* PitchPerfectUITests.xctest */ = {isa = PBXFileReference; explicitFileType = wrapper.cfbundle; includeInIndex = 0; path = PitchPerfectUITests.xctest; sourceTree = BUILT_PRODUCTS_DIR; };
		DEC173E31DC069C800A40486 /* PitchPerfectUITests.swift */ = {isa = PBXFileReference; lastKnownFileType = sourcecode.swift; path = PitchPerfectUITests.swift; sourceTree = "<group>"; };
		DEC173E51DC069C800A40486 /* Info.plist */ = {isa = PBXFileReference; lastKnownFileType = text.plist.xml; path = Info.plist; sourceTree = "<group>"; };
/* End PBXFileReference section */

/* Begin PBXFrameworksBuildPhase section */
		DEC173BD1DC069C700A40486 /* Frameworks */ = {
			isa = PBXFrameworksBuildPhase;
			buildActionMask = 2147483647;
			files = (
			);
			runOnlyForDeploymentPostprocessing = 0;
		};
		DEC173D11DC069C700A40486 /* Frameworks */ = {
			isa = PBXFrameworksBuildPhase;
			buildActionMask = 2147483647;
			files = (
			);
			runOnlyForDeploymentPostprocessing = 0;
		};
		DEC173DC1DC069C800A40486 /* Frameworks */ = {
			isa = PBXFrameworksBuildPhase;
			buildActionMask = 2147483647;
			files = (
			);
			runOnlyForDeploymentPostprocessing = 0;
		};
/* End PBXFrameworksBuildPhase section */

/* Begin PBXGroup section */
		DEC173B71DC069C700A40486 = {
			isa = PBXGroup;
			children = (
				DEC173C21DC069C700A40486 /* PitchPerfect */,
				DEC173D71DC069C700A40486 /* PitchPerfectTests */,
				DEC173E21DC069C800A40486 /* PitchPerfectUITests */,
				DEC173C11DC069C700A40486 /* Products */,
			);
			sourceTree = "<group>";
		};
		DEC173C11DC069C700A40486 /* Products */ = {
			isa = PBXGroup;
			children = (
				DEC173C01DC069C700A40486 /* PitchPerfect.app */,
				DEC173D41DC069C700A40486 /* PitchPerfectTests.xctest */,
				DEC173DF1DC069C800A40486 /* PitchPerfectUITests.xctest */,
			);
			name = Products;
			sourceTree = "<group>";
		};
		DEC173C21DC069C700A40486 /* PitchPerfect */ = {
			isa = PBXGroup;
			children = (
				DEC173C31DC069C700A40486 /* AppDelegate.swift */,
				DEC173C51DC069C700A40486 /* ViewController.swift */,
				DEC173C71DC069C700A40486 /* Main.storyboard */,
				DEC173CA1DC069C700A40486 /* Assets.xcassets */,
				DEC173CC1DC069C700A40486 /* LaunchScreen.storyboard */,
				DEC173CF1DC069C700A40486 /* Info.plist */,
			);
			path = PitchPerfect;
			sourceTree = "<group>";
		};
		DEC173D71DC069C700A40486 /* PitchPerfectTests */ = {
			isa = PBXGroup;
			children = (
				DEC173D81DC069C700A40486 /* PitchPerfectTests.swift */,
				DEC173DA1DC069C800A40486 /* Info.plist */,
			);
			path = PitchPerfectTests;
			sourceTree = "<group>";
		};
		DEC173E21DC069C800A40486 /* PitchPerfectUITests */ = {
			isa = PBXGroup;
			children = (
				DEC173E31DC069C800A40486 /* PitchPerfectUITests.swift */,
				DEC173E51DC069C800A40486 /* Info.plist */,
			);
			path = PitchPerfectUITests;
			sourceTree = "<group>";
		};
/* End PBXGroup section */

/* Begin PBXNativeTarget section */
		DEC173BF1DC069C700A40486 /* PitchPerfect */ = {
			isa = PBXNativeTarget;
			buildConfigurationList = DEC173E81DC069C800A40486 /* Build configuration list for PBXNativeTarget "PitchPerfect" */;
			buildPhases = (
				DEC173BC1DC069C700A40486 /* Sources */,
				DEC173BD1DC069C700A40486 /* Frameworks */,
				DEC173BE1DC069C700A40486 /* Resources */,
			);
			buildRules = (
			);
			dependencies = (
			);
			name = PitchPerfect;
			productName = PitchPerfect;
			productReference = DEC173C01DC069C700A40486 /* PitchPerfect.app */;
			productType = "com.apple.product-type.application";
		};
		DEC173D31DC069C700A40486 /* PitchPerfectTests */ = {
			isa = PBXNativeTarget;
			buildConfigurationList = DEC173EB1DC069C800A40486 /* Build configuration list for PBXNativeTarget "PitchPerfectTests" */;
			buildPhases = (
				DEC173D01DC069C700A40486 /* Sources */,
				DEC173D11DC069C700A40486 /* Frameworks */,
				DEC173D21DC069C700A40486 /* Resources */,
			);
			buildRules = (
			);
			dependencies = (
				DEC173D61DC069C700A40486 /* PBXTargetDependency */,
			);
			name = PitchPerfectTests;
			productName = PitchPerfectTests;
			productReference = DEC173D41DC069C700A40486 /* PitchPerfectTests.xctest */;
			productType = "com.apple.product-type.bundle.unit-test";
		};
		DEC173DE1DC069C800A40486 /* PitchPerfectUITests */ = {
			isa = PBXNativeTarget;
			buildConfigurationList = DEC173EE1DC069C800A40486 /* Build configuration list for PBXNativeTarget "PitchPerfectUITests" */;
			buildPhases = (
				DEC173DB1DC069C800A40486 /* Sources */,
				DEC173DC1DC069C800A40486 /* Frameworks */,
				DEC173DD1DC069C800A40486 /* Resources */,
			);
			buildRules = (
			);
			dependencies = (
				DEC173E11DC069C800A40486 /* PBXTargetDependency */,
			);
			name = PitchPerfectUITests;
			productName = PitchPerfectUITests;
			productReference = DEC173DF1DC069C800A40486 /* PitchPerfectUITests.xctest */;
			productType = "com.apple.product-type.bundle.ui-testing";
		};
/* End PBXNativeTarget section */

/* Begin PBXProject section */
		DEC173B81DC069C700A40486 /* Project object */ = {
			isa = PBXProject;
			attributes = {
				LastSwiftUpdateCheck = 0730;
				LastUpgradeCheck = 0730;
				ORGANIZATIONNAME = "CSU Monterey Bay";
				TargetAttributes = {
					DEC173BF1DC069C700A40486 = {
						CreatedOnToolsVersion = 7.3.1;
					};
					DEC173D31DC069C700A40486 = {
						CreatedOnToolsVersion = 7.3.1;
						TestTargetID = DEC173BF1DC069C700A40486;
					};
					DEC173DE1DC069C800A40486 = {
						CreatedOnToolsVersion = 7.3.1;
						TestTargetID = DEC173BF1DC069C700A40486;
					};
				};
			};
			buildConfigurationList = DEC173BB1DC069C700A40486 /* Build configuration list for PBXProject "PitchPerfect" */;
			compatibilityVersion = "Xcode 3.2";
			developmentRegion = English;
			hasScannedForEncodings = 0;
			knownRegions = (
				en,
				Base,
			);
			mainGroup = DEC173B71DC069C700A40486;
			productRefGroup = DEC173C11DC069C700A40486 /* Products */;
			projectDirPath = "";
			projectRoot = "";
			targets = (
				DEC173BF1DC069C700A40486 /* PitchPerfect */,
				DEC173D31DC069C700A40486 /* PitchPerfectTests */,
				DEC173DE1DC069C800A40486 /* PitchPerfectUITests */,
			);
		};
/* End PBXProject section */

/* Begin PBXResourcesBuildPhase section */
		DEC173BE1DC069C700A40486 /* Resources */ = {
			isa = PBXResourcesBuildPhase;
			buildActionMask = 2147483647;
			files = (
				DEC173CE1DC069C700A40486 /* LaunchScreen.storyboard in Resources */,
				DEC173CB1DC069C700A40486 /* Assets.xcassets in Resources */,
				DEC173C91DC069C700A40486 /* Main.storyboard in Resources */,
			);
			runOnlyForDeploymentPostprocessing = 0;
		};
		DEC173D21DC069C700A40486 /* Resources */ = {
			isa = PBXResourcesBuildPhase;
			buildActionMask = 2147483647;
			files = (
			);
			runOnlyForDeploymentPostprocessing = 0;
		};
		DEC173DD1DC069C800A40486 /* Resources */ = {
			isa = PBXResourcesBuildPhase;
			buildActionMask = 2147483647;
			files = (
			);
			runOnlyForDeploymentPostprocessing = 0;
		};
/* End PBXResourcesBuildPhase section */

/* Begin PBXSourcesBuildPhase section */
		DEC173BC1DC069C700A40486 /* Sources */ = {
			isa = PBXSourcesBuildPhase;
			buildActionMask = 2147483647;
			files = (
				DEC173C61DC069C700A40486 /* ViewController.swift in Sources */,
				DEC173C41DC069C700A40486 /* AppDelegate.swift in Sources */,
			);
			runOnlyForDeploymentPostprocessing = 0;
		};
		DEC173D01DC069C700A40486 /* Sources */ = {
			isa = PBXSourcesBuildPhase;
			buildActionMask = 2147483647;
			files = (
				DEC173D91DC069C700A40486 /* PitchPerfectTests.swift in Sources */,
			);
			runOnlyForDeploymentPostprocessing = 0;
		};
		DEC173DB1DC069C800A40486 /* Sources */ = {
			isa = PBXSourcesBuildPhase;
			buildActionMask = 2147483647;
			files = (
				DEC173E41DC069C800A40486 /* PitchPerfectUITests.swift in Sources */,
			);
			runOnlyForDeploymentPostprocessing = 0;
		};
/* End PBXSourcesBuildPhase section */

/* Begin PBXTargetDependency section */
		DEC173D61DC069C700A40486 /* PBXTargetDependency */ = {
			isa = PBXTargetDependency;
			target = DEC173BF1DC069C700A40486 /* PitchPerfect */;
			targetProxy = DEC173D51DC069C700A40486 /* PBXContainerItemProxy */;
		};
		DEC173E11DC069C800A40486 /* PBXTargetDependency */ = {
			isa = PBXTargetDependency;
			target = DEC173BF1DC069C700A40486 /* PitchPerfect */;
			targetProxy = DEC173E01DC069C800A40486 /* PBXContainerItemProxy */;
		};
/* End PBXTargetDependency section */

/* Begin PBXVariantGroup section */
		DEC173C71DC069C700A40486 /* Main.storyboard */ = {
			isa = PBXVariantGroup;
			children = (
				DEC173C81DC069C700A40486 /* Base */,
			);
			name = Main.storyboard;
			sourceTree = "<group>";
		};
		DEC173CC1DC069C700A40486 /* LaunchScreen.storyboard */ = {
			isa = PBXVariantGroup;
			children = (
				DEC173CD1DC069C700A40486 /* Base */,
			);
			name = LaunchScreen.storyboard;
			sourceTree = "<group>";
		};
/* End PBXVariantGroup section */

/* Begin XCBuildConfiguration section */
		DEC173E61DC069C800A40486 /* Debug */ = {
			isa = XCBuildConfiguration;
			buildSettings = {
				ALWAYS_SEARCH_USER_PATHS = NO;
				CLANG_ANALYZER_NONNULL = YES;
				CLANG_CXX_LANGUAGE_STANDARD = "gnu++0x";
				CLANG_CXX_LIBRARY = "libc++";
				CLANG_ENABLE_MODULES = YES;
				CLANG_ENABLE_OBJC_ARC = YES;
				CLANG_WARN_BOOL_CONVERSION = YES;
				CLANG_WARN_CONSTANT_CONVERSION = YES;
				CLANG_WARN_DIRECT_OBJC_ISA_USAGE = YES_ERROR;
				CLANG_WARN_EMPTY_BODY = YES;
				CLANG_WARN_ENUM_CONVERSION = YES;
				CLANG_WARN_INT_CONVERSION = YES;
				CLANG_WARN_OBJC_ROOT_CLASS = YES_ERROR;
				CLANG_WARN_UNREACHABLE_CODE = YES;
				CLANG_WARN__DUPLICATE_METHOD_MATCH = YES;
				"CODE_SIGN_IDENTITY[sdk=iphoneos*]" = "iPhone Developer";
				COPY_PHASE_STRIP = NO;
				DEBUG_INFORMATION_FORMAT = dwarf;
				ENABLE_STRICT_OBJC_MSGSEND = YES;
				ENABLE_TESTABILITY = YES;
				GCC_C_LANGUAGE_STANDARD = gnu99;
				GCC_DYNAMIC_NO_PIC = NO;
				GCC_NO_COMMON_BLOCKS = YES;
				GCC_OPTIMIZATION_LEVEL = 0;
				GCC_PREPROCESSOR_DEFINITIONS = (
					"DEBUG=1",
					"$(inherited)",
				);
				GCC_WARN_64_TO_32_BIT_CONVERSION = YES;
				GCC_WARN_ABOUT_RETURN_TYPE = YES_ERROR;
				GCC_WARN_UNDECLARED_SELECTOR = YES;
				GCC_WARN_UNINITIALIZED_AUTOS = YES_AGGRESSIVE;
				GCC_WARN_UNUSED_FUNCTION = YES;
				GCC_WARN_UNUSED_VARIABLE = YES;
				IPHONEOS_DEPLOYMENT_TARGET = 9.3;
				MTL_ENABLE_DEBUG_INFO = YES;
				ONLY_ACTIVE_ARCH = YES;
				SDKROOT = iphoneos;
				SWIFT_OPTIMIZATION_LEVEL = "-Onone";
				TARGETED_DEVICE_FAMILY = "1,2";
			};
			name = Debug;
		};
		DEC173E71DC069C800A40486 /* Release */ = {
			isa = XCBuildConfiguration;
			buildSettings = {
				ALWAYS_SEARCH_USER_PATHS = NO;
				CLANG_ANALYZER_NONNULL = YES;
				CLANG_CXX_LANGUAGE_STANDARD = "gnu++0x";
				CLANG_CXX_LIBRARY = "libc++";
				CLANG_ENABLE_MODULES = YES;
				CLANG_ENABLE_OBJC_ARC = YES;
				CLANG_WARN_BOOL_CONVERSION = YES;
				CLANG_WARN_CONSTANT_CONVERSION = YES;
				CLANG_WARN_DIRECT_OBJC_ISA_USAGE = YES_ERROR;
				CLANG_WARN_EMPTY_BODY = YES;
				CLANG_WARN_ENUM_CONVERSION = YES;
				CLANG_WARN_INT_CONVERSION = YES;
				CLANG_WARN_OBJC_ROOT_CLASS = YES_ERROR;
				CLANG_WARN_UNREACHABLE_CODE = YES;
				CLANG_WARN__DUPLICATE_METHOD_MATCH = YES;
				"CODE_SIGN_IDENTITY[sdk=iphoneos*]" = "iPhone Developer";
				COPY_PHASE_STRIP = NO;
				DEBUG_INFORMATION_FORMAT = "dwarf-with-dsym";
				ENABLE_NS_ASSERTIONS = NO;
				ENABLE_STRICT_OBJC_MSGSEND = YES;
				GCC_C_LANGUAGE_STANDARD = gnu99;
				GCC_NO_COMMON_BLOCKS = YES;
				GCC_WARN_64_TO_32_BIT_CONVERSION = YES;
				GCC_WARN_ABOUT_RETURN_TYPE = YES_ERROR;
				GCC_WARN_UNDECLARED_SELECTOR = YES;
				GCC_WARN_UNINITIALIZED_AUTOS = YES_AGGRESSIVE;
				GCC_WARN_UNUSED_FUNCTION = YES;
				GCC_WARN_UNUSED_VARIABLE = YES;
				IPHONEOS_DEPLOYMENT_TARGET = 9.3;
				MTL_ENABLE_DEBUG_INFO = NO;
				SDKROOT = iphoneos;
				TARGETED_DEVICE_FAMILY = "1,2";
				VALIDATE_PRODUCT = YES;
			};
			name = Release;
		};
		DEC173E91DC069C800A40486 /* Debug */ = {
			isa = XCBuildConfiguration;
			buildSettings = {
				ASSETCATALOG_COMPILER_APPICON_NAME = AppIcon;
				INFOPLIST_FILE = PitchPerfect/Info.plist;
				LD_RUNPATH_SEARCH_PATHS = "$(inherited) @executable_path/Frameworks";
				PRODUCT_BUNDLE_IDENTIFIER = edu.csumb.cst495.cort4024.PitchPerfect;
				PRODUCT_NAME = "$(TARGET_NAME)";
			};
			name = Debug;
		};
		DEC173EA1DC069C800A40486 /* Release */ = {
			isa = XCBuildConfiguration;
			buildSettings = {
				ASSETCATALOG_COMPILER_APPICON_NAME = AppIcon;
				INFOPLIST_FILE = PitchPerfect/Info.plist;
				LD_RUNPATH_SEARCH_PATHS = "$(inherited) @executable_path/Frameworks";
				PRODUCT_BUNDLE_IDENTIFIER = edu.csumb.cst495.cort4024.PitchPerfect;
				PRODUCT_NAME = "$(TARGET_NAME)";
			};
			name = Release;
		};
		DEC173EC1DC069C800A40486 /* Debug */ = {
			isa = XCBuildConfiguration;
			buildSettings = {
				BUNDLE_LOADER = "$(TEST_HOST)";
				INFOPLIST_FILE = PitchPerfectTests/Info.plist;
				LD_RUNPATH_SEARCH_PATHS = "$(inherited) @executable_path/Frameworks @loader_path/Frameworks";
				PRODUCT_BUNDLE_IDENTIFIER = edu.csumb.cst495.cort4024.PitchPerfectTests;
				PRODUCT_NAME = "$(TARGET_NAME)";
				TEST_HOST = "$(BUILT_PRODUCTS_DIR)/PitchPerfect.app/PitchPerfect";
			};
			name = Debug;
		};
		DEC173ED1DC069C800A40486 /* Release */ = {
			isa = XCBuildConfiguration;
			buildSettings = {
				BUNDLE_LOADER = "$(TEST_HOST)";
				INFOPLIST_FILE = PitchPerfectTests/Info.plist;
				LD_RUNPATH_SEARCH_PATHS = "$(inherited) @executable_path/Frameworks @loader_path/Frameworks";
				PRODUCT_BUNDLE_IDENTIFIER = edu.csumb.cst495.cort4024.PitchPerfectTests;
				PRODUCT_NAME = "$(TARGET_NAME)";
				TEST_HOST = "$(BUILT_PRODUCTS_DIR)/PitchPerfect.app/PitchPerfect";
			};
			name = Release;
		};
		DEC173EF1DC069C800A40486 /* Debug */ = {
			isa = XCBuildConfiguration;
			buildSettings = {
				INFOPLIST_FILE = PitchPerfectUITests/Info.plist;
				LD_RUNPATH_SEARCH_PATHS = "$(inherited) @executable_path/Frameworks @loader_path/Frameworks";
				PRODUCT_BUNDLE_IDENTIFIER = edu.csumb.cst495.cort4024.PitchPerfectUITests;
				PRODUCT_NAME = "$(TARGET_NAME)";
				TEST_TARGET_NAME = PitchPerfect;
			};
			name = Debug;
		};
		DEC173F01DC069C800A40486 /* Release */ = {
			isa = XCBuildConfiguration;
			buildSettings = {
				INFOPLIST_FILE = PitchPerfectUITests/Info.plist;
				LD_RUNPATH_SEARCH_PATHS = "$(inherited) @executable_path/Frameworks @loader_path/Frameworks";
				PRODUCT_BUNDLE_IDENTIFIER = edu.csumb.cst495.cort4024.PitchPerfectUITests;
				PRODUCT_NAME = "$(TARGET_NAME)";
				TEST_TARGET_NAME = PitchPerfect;
			};
			name = Release;
		};
/* End XCBuildConfiguration section */

/* Begin XCConfigurationList section */
		DEC173BB1DC069C700A40486 /* Build configuration list for PBXProject "PitchPerfect" */ = {
			isa = XCConfigurationList;
			buildConfigurations = (
				DEC173E61DC069C800A40486 /* Debug */,
				DEC173E71DC069C800A40486 /* Release */,
			);
			defaultConfigurationIsVisible = 0;
			defaultConfigurationName = Release;
		};
		DEC173E81DC069C800A40486 /* Build configuration list for PBXNativeTarget "PitchPerfect" */ = {
			isa = XCConfigurationList;
			buildConfigurations = (
				DEC173E91DC069C800A40486 /* Debug */,
				DEC173EA1DC069C800A40486 /* Release */,
			);
			defaultConfigurationIsVisible = 0;
		};
		DEC173EB1DC069C800A40486 /* Build configuration list for PBXNativeTarget "PitchPerfectTests" */ = {
			isa = XCConfigurationList;
			buildConfigurations = (
				DEC173EC1DC069C800A40486 /* Debug */,
				DEC173ED1DC069C800A40486 /* Release */,
			);
			defaultConfigurationIsVisible = 0;
		};
		DEC173EE1DC069C800A40486 /* Build configuration list for PBXNativeTarget "PitchPerfectUITests" */ = {
			isa = XCConfigurationList;
			buildConfigurations = (
				DEC173EF1DC069C800A40486 /* Debug */,
				DEC173F01DC069C800A40486 /* Release */,
			);
			defaultConfigurationIsVisible = 0;
		};
/* End XCConfigurationList section */
	};
	rootObject = DEC173B81DC069C700A40486 /* Project object */;
}
